// !$*UTF8*$!
{
	archiveVersion = 1;
	classes = {
	};
	objectVersion = 56;
	objects = {

/* Begin PBXBuildFile section */
		F21390012BDAE9E100A22A38 /* MealModel.swift in Sources */ = {isa = PBXBuildFile; fileRef = F21390002BDAE9E100A22A38 /* MealModel.swift */; };
		F21390032BDD111500A22A38 /* SuCalorie.swift in Sources */ = {isa = PBXBuildFile; fileRef = F21390022BDD111500A22A38 /* SuCalorie.swift */; };
		F265EEA92BD716140015139C /* UserModel.swift in Sources */ = {isa = PBXBuildFile; fileRef = F265EEA82BD716140015139C /* UserModel.swift */; };
		F265EEAC2BD7183A0015139C /* UserViewModel.swift in Sources */ = {isa = PBXBuildFile; fileRef = F265EEAB2BD7183A0015139C /* UserViewModel.swift */; };
		F265EEB02BD7E75B0015139C /* RootView.swift in Sources */ = {isa = PBXBuildFile; fileRef = F265EEAF2BD7E75B0015139C /* RootView.swift */; };
		F2815E992BD44A84004BFE37 /* EatWiseApp.swift in Sources */ = {isa = PBXBuildFile; fileRef = F2815E982BD44A84004BFE37 /* EatWiseApp.swift */; };
		F2815E9D2BD44A85004BFE37 /* Assets.xcassets in Resources */ = {isa = PBXBuildFile; fileRef = F2815E9C2BD44A85004BFE37 /* Assets.xcassets */; };
		F2815EA02BD44A85004BFE37 /* Preview Assets.xcassets in Resources */ = {isa = PBXBuildFile; fileRef = F2815E9F2BD44A85004BFE37 /* Preview Assets.xcassets */; };
		F2815EA72BD44C5A004BFE37 /* GoogleService-Info.plist in Resources */ = {isa = PBXBuildFile; fileRef = F2815EA62BD44C5A004BFE37 /* GoogleService-Info.plist */; };
		F2815EAA2BD44DB2004BFE37 /* FirebaseAnalytics in Frameworks */ = {isa = PBXBuildFile; productRef = F2815EA92BD44DB2004BFE37 /* FirebaseAnalytics */; };
		F2815EAC2BD44DB2004BFE37 /* FirebaseAnalyticsOnDeviceConversion in Frameworks */ = {isa = PBXBuildFile; productRef = F2815EAB2BD44DB2004BFE37 /* FirebaseAnalyticsOnDeviceConversion */; };
		F2815EAE2BD44DB2004BFE37 /* FirebaseAnalyticsSwift in Frameworks */ = {isa = PBXBuildFile; productRef = F2815EAD2BD44DB2004BFE37 /* FirebaseAnalyticsSwift */; };
		F2815EB02BD44DB2004BFE37 /* FirebaseAnalyticsWithoutAdIdSupport in Frameworks */ = {isa = PBXBuildFile; productRef = F2815EAF2BD44DB2004BFE37 /* FirebaseAnalyticsWithoutAdIdSupport */; };
		F2815EB22BD44DB2004BFE37 /* FirebaseAppCheck in Frameworks */ = {isa = PBXBuildFile; productRef = F2815EB12BD44DB2004BFE37 /* FirebaseAppCheck */; };
		F2815EB42BD44DB2004BFE37 /* FirebaseAppDistribution-Beta in Frameworks */ = {isa = PBXBuildFile; productRef = F2815EB32BD44DB2004BFE37 /* FirebaseAppDistribution-Beta */; };
		F2815EB62BD44DB2004BFE37 /* FirebaseAuth in Frameworks */ = {isa = PBXBuildFile; productRef = F2815EB52BD44DB2004BFE37 /* FirebaseAuth */; };
		F2815EB82BD44DB2004BFE37 /* FirebaseAuthCombine-Community in Frameworks */ = {isa = PBXBuildFile; productRef = F2815EB72BD44DB2004BFE37 /* FirebaseAuthCombine-Community */; };
		F2815EBA2BD44DB2004BFE37 /* FirebaseCrashlytics in Frameworks */ = {isa = PBXBuildFile; productRef = F2815EB92BD44DB2004BFE37 /* FirebaseCrashlytics */; };
		F2815EBC2BD44DB2004BFE37 /* FirebaseDatabase in Frameworks */ = {isa = PBXBuildFile; productRef = F2815EBB2BD44DB2004BFE37 /* FirebaseDatabase */; };
		F2815EBE2BD44DB2004BFE37 /* FirebaseDatabaseSwift in Frameworks */ = {isa = PBXBuildFile; productRef = F2815EBD2BD44DB2004BFE37 /* FirebaseDatabaseSwift */; };
		F2815EC02BD44DB2004BFE37 /* FirebaseDynamicLinks in Frameworks */ = {isa = PBXBuildFile; productRef = F2815EBF2BD44DB2004BFE37 /* FirebaseDynamicLinks */; };
		F2815EC22BD44DB2004BFE37 /* FirebaseFirestore in Frameworks */ = {isa = PBXBuildFile; productRef = F2815EC12BD44DB2004BFE37 /* FirebaseFirestore */; };
		F2815EC42BD44DB2004BFE37 /* FirebaseFirestoreCombine-Community in Frameworks */ = {isa = PBXBuildFile; productRef = F2815EC32BD44DB2004BFE37 /* FirebaseFirestoreCombine-Community */; };
		F2815EC62BD44DB2004BFE37 /* FirebaseFirestoreSwift in Frameworks */ = {isa = PBXBuildFile; productRef = F2815EC52BD44DB2004BFE37 /* FirebaseFirestoreSwift */; };
		F2815EC82BD44DB2004BFE37 /* FirebaseFunctions in Frameworks */ = {isa = PBXBuildFile; productRef = F2815EC72BD44DB2004BFE37 /* FirebaseFunctions */; };
		F2815ECA2BD44DB2004BFE37 /* FirebaseFunctionsCombine-Community in Frameworks */ = {isa = PBXBuildFile; productRef = F2815EC92BD44DB2004BFE37 /* FirebaseFunctionsCombine-Community */; };
		F2815ED02BD44DB2004BFE37 /* FirebaseInstallations in Frameworks */ = {isa = PBXBuildFile; productRef = F2815ECF2BD44DB2004BFE37 /* FirebaseInstallations */; };
		F2815ED22BD44DB2004BFE37 /* FirebaseMLModelDownloader in Frameworks */ = {isa = PBXBuildFile; productRef = F2815ED12BD44DB2004BFE37 /* FirebaseMLModelDownloader */; };
		F2815ED62BD44DB2004BFE37 /* FirebasePerformance in Frameworks */ = {isa = PBXBuildFile; productRef = F2815ED52BD44DB2004BFE37 /* FirebasePerformance */; };
		F2815ED82BD44DB2004BFE37 /* FirebaseRemoteConfig in Frameworks */ = {isa = PBXBuildFile; productRef = F2815ED72BD44DB2004BFE37 /* FirebaseRemoteConfig */; };
		F2815EDA2BD44DB2004BFE37 /* FirebaseRemoteConfigSwift in Frameworks */ = {isa = PBXBuildFile; productRef = F2815ED92BD44DB2004BFE37 /* FirebaseRemoteConfigSwift */; };
		F2815EDC2BD44DB2004BFE37 /* FirebaseStorage in Frameworks */ = {isa = PBXBuildFile; productRef = F2815EDB2BD44DB2004BFE37 /* FirebaseStorage */; };
		F2815EDE2BD44DB2004BFE37 /* FirebaseStorageCombine-Community in Frameworks */ = {isa = PBXBuildFile; productRef = F2815EDD2BD44DB2004BFE37 /* FirebaseStorageCombine-Community */; };
		F2815EE12BD45214004BFE37 /* Nunito-Regular.ttf in Resources */ = {isa = PBXBuildFile; fileRef = F2815EE02BD45214004BFE37 /* Nunito-Regular.ttf */; };
		F2815EE62BD52B9E004BFE37 /* LoginView.swift in Sources */ = {isa = PBXBuildFile; fileRef = F2815EE52BD52B9E004BFE37 /* LoginView.swift */; };
		F2815EE82BD52BE7004BFE37 /* Title.swift in Sources */ = {isa = PBXBuildFile; fileRef = F2815EE72BD52BE7004BFE37 /* Title.swift */; };
		F2815EEA2BD52C0B004BFE37 /* textField.swift in Sources */ = {isa = PBXBuildFile; fileRef = F2815EE92BD52C0B004BFE37 /* textField.swift */; };
		F2815EEC2BD52C6E004BFE37 /* button.swift in Sources */ = {isa = PBXBuildFile; fileRef = F2815EEB2BD52C6E004BFE37 /* button.swift */; };
		F2815EEF2BD531EF004BFE37 /* SuPersonal.swift in Sources */ = {isa = PBXBuildFile; fileRef = F2815EEE2BD531EF004BFE37 /* SuPersonal.swift */; };
		F2815EF12BD531FC004BFE37 /* SuBmi.swift in Sources */ = {isa = PBXBuildFile; fileRef = F2815EF02BD531FC004BFE37 /* SuBmi.swift */; };
		F2815EF32BD53207004BFE37 /* SuDiet.swift in Sources */ = {isa = PBXBuildFile; fileRef = F2815EF22BD53207004BFE37 /* SuDiet.swift */; };
		F2815EF52BD53212004BFE37 /* SuGoal.swift in Sources */ = {isa = PBXBuildFile; fileRef = F2815EF42BD53212004BFE37 /* SuGoal.swift */; };
		F2815EF72BD5321C004BFE37 /* SuAllergies.swift in Sources */ = {isa = PBXBuildFile; fileRef = F2815EF62BD5321C004BFE37 /* SuAllergies.swift */; };
		F2815EF92BD5326D004BFE37 /* RadioButton.swift in Sources */ = {isa = PBXBuildFile; fileRef = F2815EF82BD5326D004BFE37 /* RadioButton.swift */; };
		F2815EFB2BD533E0004BFE37 /* Nunito-ExtraBold.ttf in Resources */ = {isa = PBXBuildFile; fileRef = F2815EFA2BD533E0004BFE37 /* Nunito-ExtraBold.ttf */; };
		F2815EFD2BD533F7004BFE37 /* Nunito-Bold.ttf in Resources */ = {isa = PBXBuildFile; fileRef = F2815EFC2BD533F7004BFE37 /* Nunito-Bold.ttf */; };
		F2815F002BD539AC004BFE37 /* DailyPlanView.swift in Sources */ = {isa = PBXBuildFile; fileRef = F2815EFF2BD539AC004BFE37 /* DailyPlanView.swift */; };
		F2815F022BD539BB004BFE37 /* NutritionCard.swift in Sources */ = {isa = PBXBuildFile; fileRef = F2815F012BD539BB004BFE37 /* NutritionCard.swift */; };
		F2815F042BD539C2004BFE37 /* MealCard.swift in Sources */ = {isa = PBXBuildFile; fileRef = F2815F032BD539C2004BFE37 /* MealCard.swift */; };
		F2815F062BD539CC004BFE37 /* NavBar.swift in Sources */ = {isa = PBXBuildFile; fileRef = F2815F052BD539CC004BFE37 /* NavBar.swift */; };
		F2815F082BD539DA004BFE37 /* RecipeView.swift in Sources */ = {isa = PBXBuildFile; fileRef = F2815F072BD539DA004BFE37 /* RecipeView.swift */; };
		F2815F0A2BD539E2004BFE37 /* NewPlan.swift in Sources */ = {isa = PBXBuildFile; fileRef = F2815F092BD539E2004BFE37 /* NewPlan.swift */; };
		F2815F0C2BD539F2004BFE37 /* WeeklyPlanView.swift in Sources */ = {isa = PBXBuildFile; fileRef = F2815F0B2BD539F2004BFE37 /* WeeklyPlanView.swift */; };
		F2815F0F2BD53E45004BFE37 /* WeightGraph.swift in Sources */ = {isa = PBXBuildFile; fileRef = F2815F0E2BD53E45004BFE37 /* WeightGraph.swift */; };
		F2815F112BD53E53004BFE37 /* ProfileView.swift in Sources */ = {isa = PBXBuildFile; fileRef = F2815F102BD53E53004BFE37 /* ProfileView.swift */; };
		F2815F132BD53E60004BFE37 /* AllergyView.swift in Sources */ = {isa = PBXBuildFile; fileRef = F2815F122BD53E60004BFE37 /* AllergyView.swift */; };
		F2815F152BD53E79004BFE37 /* SaveButton.swift in Sources */ = {isa = PBXBuildFile; fileRef = F2815F142BD53E79004BFE37 /* SaveButton.swift */; };
		F2815F172BD53E86004BFE37 /* DietView.swift in Sources */ = {isa = PBXBuildFile; fileRef = F2815F162BD53E86004BFE37 /* DietView.swift */; };
		F2815F192BD53E90004BFE37 /* GoalView.swift in Sources */ = {isa = PBXBuildFile; fileRef = F2815F182BD53E90004BFE37 /* GoalView.swift */; };
		F2815F1B2BD53EAC004BFE37 /* PersonalInfoView.swift in Sources */ = {isa = PBXBuildFile; fileRef = F2815F1A2BD53EAC004BFE37 /* PersonalInfoView.swift */; };
		F2815F1E2BD54657004BFE37 /* WeightModel.swift in Sources */ = {isa = PBXBuildFile; fileRef = F2815F1D2BD54657004BFE37 /* WeightModel.swift */; };
/* End PBXBuildFile section */

/* Begin PBXFileReference section */
		F21390002BDAE9E100A22A38 /* MealModel.swift */ = {isa = PBXFileReference; lastKnownFileType = sourcecode.swift; path = MealModel.swift; sourceTree = "<group>"; };
		F21390022BDD111500A22A38 /* SuCalorie.swift */ = {isa = PBXFileReference; lastKnownFileType = sourcecode.swift; path = SuCalorie.swift; sourceTree = "<group>"; };
		F265EEA82BD716140015139C /* UserModel.swift */ = {isa = PBXFileReference; lastKnownFileType = sourcecode.swift; path = UserModel.swift; sourceTree = "<group>"; };
		F265EEAB2BD7183A0015139C /* UserViewModel.swift */ = {isa = PBXFileReference; lastKnownFileType = sourcecode.swift; path = UserViewModel.swift; sourceTree = "<group>"; };
		F265EEAF2BD7E75B0015139C /* RootView.swift */ = {isa = PBXFileReference; lastKnownFileType = sourcecode.swift; path = RootView.swift; sourceTree = "<group>"; };
		F2815E952BD44A84004BFE37 /* EatWise.app */ = {isa = PBXFileReference; explicitFileType = wrapper.application; includeInIndex = 0; path = EatWise.app; sourceTree = BUILT_PRODUCTS_DIR; };
		F2815E982BD44A84004BFE37 /* EatWiseApp.swift */ = {isa = PBXFileReference; lastKnownFileType = sourcecode.swift; path = EatWiseApp.swift; sourceTree = "<group>"; };
		F2815E9C2BD44A85004BFE37 /* Assets.xcassets */ = {isa = PBXFileReference; lastKnownFileType = folder.assetcatalog; path = Assets.xcassets; sourceTree = "<group>"; };
		F2815E9F2BD44A85004BFE37 /* Preview Assets.xcassets */ = {isa = PBXFileReference; lastKnownFileType = folder.assetcatalog; path = "Preview Assets.xcassets"; sourceTree = "<group>"; };
		F2815EA62BD44C5A004BFE37 /* GoogleService-Info.plist */ = {isa = PBXFileReference; fileEncoding = 4; lastKnownFileType = text.plist.xml; path = "GoogleService-Info.plist"; sourceTree = "<group>"; };
		F2815EE02BD45214004BFE37 /* Nunito-Regular.ttf */ = {isa = PBXFileReference; lastKnownFileType = file; path = "Nunito-Regular.ttf"; sourceTree = "<group>"; };
		F2815EE22BD4526A004BFE37 /* Info.plist */ = {isa = PBXFileReference; lastKnownFileType = text.plist; path = Info.plist; sourceTree = "<group>"; };
		F2815EE52BD52B9E004BFE37 /* LoginView.swift */ = {isa = PBXFileReference; lastKnownFileType = sourcecode.swift; path = LoginView.swift; sourceTree = "<group>"; };
		F2815EE72BD52BE7004BFE37 /* Title.swift */ = {isa = PBXFileReference; lastKnownFileType = sourcecode.swift; path = Title.swift; sourceTree = "<group>"; };
		F2815EE92BD52C0B004BFE37 /* textField.swift */ = {isa = PBXFileReference; lastKnownFileType = sourcecode.swift; path = textField.swift; sourceTree = "<group>"; };
		F2815EEB2BD52C6E004BFE37 /* button.swift */ = {isa = PBXFileReference; lastKnownFileType = sourcecode.swift; path = button.swift; sourceTree = "<group>"; };
		F2815EEE2BD531EF004BFE37 /* SuPersonal.swift */ = {isa = PBXFileReference; lastKnownFileType = sourcecode.swift; path = SuPersonal.swift; sourceTree = "<group>"; };
		F2815EF02BD531FC004BFE37 /* SuBmi.swift */ = {isa = PBXFileReference; lastKnownFileType = sourcecode.swift; path = SuBmi.swift; sourceTree = "<group>"; };
		F2815EF22BD53207004BFE37 /* SuDiet.swift */ = {isa = PBXFileReference; lastKnownFileType = sourcecode.swift; path = SuDiet.swift; sourceTree = "<group>"; };
		F2815EF42BD53212004BFE37 /* SuGoal.swift */ = {isa = PBXFileReference; lastKnownFileType = sourcecode.swift; path = SuGoal.swift; sourceTree = "<group>"; };
		F2815EF62BD5321C004BFE37 /* SuAllergies.swift */ = {isa = PBXFileReference; lastKnownFileType = sourcecode.swift; path = SuAllergies.swift; sourceTree = "<group>"; };
		F2815EF82BD5326D004BFE37 /* RadioButton.swift */ = {isa = PBXFileReference; lastKnownFileType = sourcecode.swift; path = RadioButton.swift; sourceTree = "<group>"; };
		F2815EFA2BD533E0004BFE37 /* Nunito-ExtraBold.ttf */ = {isa = PBXFileReference; lastKnownFileType = file; path = "Nunito-ExtraBold.ttf"; sourceTree = "<group>"; };
		F2815EFC2BD533F7004BFE37 /* Nunito-Bold.ttf */ = {isa = PBXFileReference; lastKnownFileType = file; path = "Nunito-Bold.ttf"; sourceTree = "<group>"; };
		F2815EFF2BD539AC004BFE37 /* DailyPlanView.swift */ = {isa = PBXFileReference; lastKnownFileType = sourcecode.swift; path = DailyPlanView.swift; sourceTree = "<group>"; };
		F2815F012BD539BB004BFE37 /* NutritionCard.swift */ = {isa = PBXFileReference; lastKnownFileType = sourcecode.swift; path = NutritionCard.swift; sourceTree = "<group>"; };
		F2815F032BD539C2004BFE37 /* MealCard.swift */ = {isa = PBXFileReference; lastKnownFileType = sourcecode.swift; path = MealCard.swift; sourceTree = "<group>"; };
		F2815F052BD539CC004BFE37 /* NavBar.swift */ = {isa = PBXFileReference; lastKnownFileType = sourcecode.swift; path = NavBar.swift; sourceTree = "<group>"; };
		F2815F072BD539DA004BFE37 /* RecipeView.swift */ = {isa = PBXFileReference; lastKnownFileType = sourcecode.swift; path = RecipeView.swift; sourceTree = "<group>"; };
		F2815F092BD539E2004BFE37 /* NewPlan.swift */ = {isa = PBXFileReference; lastKnownFileType = sourcecode.swift; path = NewPlan.swift; sourceTree = "<group>"; };
		F2815F0B2BD539F2004BFE37 /* WeeklyPlanView.swift */ = {isa = PBXFileReference; lastKnownFileType = sourcecode.swift; path = WeeklyPlanView.swift; sourceTree = "<group>"; };
		F2815F0E2BD53E45004BFE37 /* WeightGraph.swift */ = {isa = PBXFileReference; lastKnownFileType = sourcecode.swift; path = WeightGraph.swift; sourceTree = "<group>"; };
		F2815F102BD53E53004BFE37 /* ProfileView.swift */ = {isa = PBXFileReference; lastKnownFileType = sourcecode.swift; path = ProfileView.swift; sourceTree = "<group>"; };
		F2815F122BD53E60004BFE37 /* AllergyView.swift */ = {isa = PBXFileReference; lastKnownFileType = sourcecode.swift; path = AllergyView.swift; sourceTree = "<group>"; };
		F2815F142BD53E79004BFE37 /* SaveButton.swift */ = {isa = PBXFileReference; lastKnownFileType = sourcecode.swift; path = SaveButton.swift; sourceTree = "<group>"; };
		F2815F162BD53E86004BFE37 /* DietView.swift */ = {isa = PBXFileReference; lastKnownFileType = sourcecode.swift; path = DietView.swift; sourceTree = "<group>"; };
		F2815F182BD53E90004BFE37 /* GoalView.swift */ = {isa = PBXFileReference; lastKnownFileType = sourcecode.swift; path = GoalView.swift; sourceTree = "<group>"; };
		F2815F1A2BD53EAC004BFE37 /* PersonalInfoView.swift */ = {isa = PBXFileReference; lastKnownFileType = sourcecode.swift; path = PersonalInfoView.swift; sourceTree = "<group>"; };
		F2815F1D2BD54657004BFE37 /* WeightModel.swift */ = {isa = PBXFileReference; lastKnownFileType = sourcecode.swift; path = WeightModel.swift; sourceTree = "<group>"; };
/* End PBXFileReference section */

/* Begin PBXFrameworksBuildPhase section */
		F2815E922BD44A84004BFE37 /* Frameworks */ = {
			isa = PBXFrameworksBuildPhase;
			buildActionMask = 2147483647;
			files = (
				F2815EBC2BD44DB2004BFE37 /* FirebaseDatabase in Frameworks */,
				F2815ECA2BD44DB2004BFE37 /* FirebaseFunctionsCombine-Community in Frameworks */,
				F2815EC22BD44DB2004BFE37 /* FirebaseFirestore in Frameworks */,
				F2815EAE2BD44DB2004BFE37 /* FirebaseAnalyticsSwift in Frameworks */,
				F2815EAA2BD44DB2004BFE37 /* FirebaseAnalytics in Frameworks */,
				F2815EAC2BD44DB2004BFE37 /* FirebaseAnalyticsOnDeviceConversion in Frameworks */,
				F2815ED22BD44DB2004BFE37 /* FirebaseMLModelDownloader in Frameworks */,
				F2815EC62BD44DB2004BFE37 /* FirebaseFirestoreSwift in Frameworks */,
				F2815EB22BD44DB2004BFE37 /* FirebaseAppCheck in Frameworks */,
				F2815EB02BD44DB2004BFE37 /* FirebaseAnalyticsWithoutAdIdSupport in Frameworks */,
				F2815EB62BD44DB2004BFE37 /* FirebaseAuth in Frameworks */,
				F2815EBA2BD44DB2004BFE37 /* FirebaseCrashlytics in Frameworks */,
				F2815EDA2BD44DB2004BFE37 /* FirebaseRemoteConfigSwift in Frameworks */,
				F2815EBE2BD44DB2004BFE37 /* FirebaseDatabaseSwift in Frameworks */,
				F2815EC82BD44DB2004BFE37 /* FirebaseFunctions in Frameworks */,
				F2815EDE2BD44DB2004BFE37 /* FirebaseStorageCombine-Community in Frameworks */,
				F2815ED82BD44DB2004BFE37 /* FirebaseRemoteConfig in Frameworks */,
				F2815EB42BD44DB2004BFE37 /* FirebaseAppDistribution-Beta in Frameworks */,
				F2815EB82BD44DB2004BFE37 /* FirebaseAuthCombine-Community in Frameworks */,
				F2815ED62BD44DB2004BFE37 /* FirebasePerformance in Frameworks */,
				F2815EDC2BD44DB2004BFE37 /* FirebaseStorage in Frameworks */,
				F2815EC02BD44DB2004BFE37 /* FirebaseDynamicLinks in Frameworks */,
				F2815EC42BD44DB2004BFE37 /* FirebaseFirestoreCombine-Community in Frameworks */,
				F2815ED02BD44DB2004BFE37 /* FirebaseInstallations in Frameworks */,
			);
			runOnlyForDeploymentPostprocessing = 0;
		};
/* End PBXFrameworksBuildPhase section */

/* Begin PBXGroup section */
		F265EEAA2BD717A90015139C /* ViewModels */ = {
			isa = PBXGroup;
			children = (
				F265EEAB2BD7183A0015139C /* UserViewModel.swift */,
			);
			path = ViewModels;
			sourceTree = "<group>";
		};
		F265EEAD2BD7221C0015139C /* Frameworks */ = {
			isa = PBXGroup;
			children = (
			);
			name = Frameworks;
			sourceTree = "<group>";
		};
		F265EEAE2BD7E73C0015139C /* root */ = {
			isa = PBXGroup;
			children = (
				F265EEAF2BD7E75B0015139C /* RootView.swift */,
			);
			path = root;
			sourceTree = "<group>";
		};
		F2815E8C2BD44A84004BFE37 = {
			isa = PBXGroup;
			children = (
				F2815E972BD44A84004BFE37 /* EatWise */,
				F2815E962BD44A84004BFE37 /* Products */,
				F265EEAD2BD7221C0015139C /* Frameworks */,
			);
			sourceTree = "<group>";
		};
		F2815E962BD44A84004BFE37 /* Products */ = {
			isa = PBXGroup;
			children = (
				F2815E952BD44A84004BFE37 /* EatWise.app */,
			);
			name = Products;
			sourceTree = "<group>";
		};
		F2815E972BD44A84004BFE37 /* EatWise */ = {
			isa = PBXGroup;
			children = (
				F2815EE22BD4526A004BFE37 /* Info.plist */,
				F2815EA62BD44C5A004BFE37 /* GoogleService-Info.plist */,
				F2815EDF2BD451E4004BFE37 /* Fonts */,
				F2815F1C2BD5462D004BFE37 /* Models */,
				F265EEAA2BD717A90015139C /* ViewModels */,
				F2815EE42BD52B5E004BFE37 /* Views */,
				F265EEAE2BD7E73C0015139C /* root */,
				F2815E982BD44A84004BFE37 /* EatWiseApp.swift */,
				F2815E9C2BD44A85004BFE37 /* Assets.xcassets */,
				F2815E9E2BD44A85004BFE37 /* Preview Content */,
			);
			path = EatWise;
			sourceTree = "<group>";
		};
		F2815E9E2BD44A85004BFE37 /* Preview Content */ = {
			isa = PBXGroup;
			children = (
				F2815E9F2BD44A85004BFE37 /* Preview Assets.xcassets */,
			);
			path = "Preview Content";
			sourceTree = "<group>";
		};
		F2815EDF2BD451E4004BFE37 /* Fonts */ = {
			isa = PBXGroup;
			children = (
				F2815EFC2BD533F7004BFE37 /* Nunito-Bold.ttf */,
				F2815EFA2BD533E0004BFE37 /* Nunito-ExtraBold.ttf */,
				F2815EE02BD45214004BFE37 /* Nunito-Regular.ttf */,
			);
			path = Fonts;
			sourceTree = "<group>";
		};
		F2815EE32BD52B51004BFE37 /* Login */ = {
			isa = PBXGroup;
			children = (
				F2815EE52BD52B9E004BFE37 /* LoginView.swift */,
			);
			path = Login;
			sourceTree = "<group>";
		};
		F2815EE42BD52B5E004BFE37 /* Views */ = {
			isa = PBXGroup;
			children = (
				F2815F0D2BD53E28004BFE37 /* Profile */,
				F2815EFE2BD5399D004BFE37 /* Home */,
				F2815EED2BD531A4004BFE37 /* SignUp */,
				F2815EE32BD52B51004BFE37 /* Login */,
				F2815EE72BD52BE7004BFE37 /* Title.swift */,
				F2815EE92BD52C0B004BFE37 /* textField.swift */,
				F2815EEB2BD52C6E004BFE37 /* button.swift */,
				F2815EF82BD5326D004BFE37 /* RadioButton.swift */,
			);
			path = Views;
			sourceTree = "<group>";
		};
		F2815EED2BD531A4004BFE37 /* SignUp */ = {
			isa = PBXGroup;
			children = (
				F2815EEE2BD531EF004BFE37 /* SuPersonal.swift */,
				F2815EF02BD531FC004BFE37 /* SuBmi.swift */,
				F2815EF22BD53207004BFE37 /* SuDiet.swift */,
				F2815EF42BD53212004BFE37 /* SuGoal.swift */,
				F2815EF62BD5321C004BFE37 /* SuAllergies.swift */,
				F21390022BDD111500A22A38 /* SuCalorie.swift */,
			);
			path = SignUp;
			sourceTree = "<group>";
		};
		F2815EFE2BD5399D004BFE37 /* Home */ = {
			isa = PBXGroup;
			children = (
				F2815EFF2BD539AC004BFE37 /* DailyPlanView.swift */,
				F2815F012BD539BB004BFE37 /* NutritionCard.swift */,
				F2815F032BD539C2004BFE37 /* MealCard.swift */,
				F2815F052BD539CC004BFE37 /* NavBar.swift */,
				F2815F072BD539DA004BFE37 /* RecipeView.swift */,
				F2815F092BD539E2004BFE37 /* NewPlan.swift */,
				F2815F0B2BD539F2004BFE37 /* WeeklyPlanView.swift */,
			);
			path = Home;
			sourceTree = "<group>";
		};
		F2815F0D2BD53E28004BFE37 /* Profile */ = {
			isa = PBXGroup;
			children = (
				F2815F0E2BD53E45004BFE37 /* WeightGraph.swift */,
				F2815F102BD53E53004BFE37 /* ProfileView.swift */,
				F2815F122BD53E60004BFE37 /* AllergyView.swift */,
				F2815F142BD53E79004BFE37 /* SaveButton.swift */,
				F2815F162BD53E86004BFE37 /* DietView.swift */,
				F2815F182BD53E90004BFE37 /* GoalView.swift */,
				F2815F1A2BD53EAC004BFE37 /* PersonalInfoView.swift */,
			);
			path = Profile;
			sourceTree = "<group>";
		};
		F2815F1C2BD5462D004BFE37 /* Models */ = {
			isa = PBXGroup;
			children = (
				F2815F1D2BD54657004BFE37 /* WeightModel.swift */,
				F265EEA82BD716140015139C /* UserModel.swift */,
				F21390002BDAE9E100A22A38 /* MealModel.swift */,
			);
			path = Models;
			sourceTree = "<group>";
		};
/* End PBXGroup section */

/* Begin PBXNativeTarget section */
		F2815E942BD44A84004BFE37 /* EatWise */ = {
			isa = PBXNativeTarget;
			buildConfigurationList = F2815EA32BD44A85004BFE37 /* Build configuration list for PBXNativeTarget "EatWise" */;
			buildPhases = (
				F2815E912BD44A84004BFE37 /* Sources */,
				F2815E922BD44A84004BFE37 /* Frameworks */,
				F2815E932BD44A84004BFE37 /* Resources */,
			);
			buildRules = (
			);
			dependencies = (
			);
			name = EatWise;
			packageProductDependencies = (
				F2815EA92BD44DB2004BFE37 /* FirebaseAnalytics */,
				F2815EAB2BD44DB2004BFE37 /* FirebaseAnalyticsOnDeviceConversion */,
				F2815EAD2BD44DB2004BFE37 /* FirebaseAnalyticsSwift */,
				F2815EAF2BD44DB2004BFE37 /* FirebaseAnalyticsWithoutAdIdSupport */,
				F2815EB12BD44DB2004BFE37 /* FirebaseAppCheck */,
				F2815EB32BD44DB2004BFE37 /* FirebaseAppDistribution-Beta */,
				F2815EB52BD44DB2004BFE37 /* FirebaseAuth */,
				F2815EB72BD44DB2004BFE37 /* FirebaseAuthCombine-Community */,
				F2815EB92BD44DB2004BFE37 /* FirebaseCrashlytics */,
				F2815EBB2BD44DB2004BFE37 /* FirebaseDatabase */,
				F2815EBD2BD44DB2004BFE37 /* FirebaseDatabaseSwift */,
				F2815EBF2BD44DB2004BFE37 /* FirebaseDynamicLinks */,
				F2815EC12BD44DB2004BFE37 /* FirebaseFirestore */,
				F2815EC32BD44DB2004BFE37 /* FirebaseFirestoreCombine-Community */,
				F2815EC52BD44DB2004BFE37 /* FirebaseFirestoreSwift */,
				F2815EC72BD44DB2004BFE37 /* FirebaseFunctions */,
				F2815EC92BD44DB2004BFE37 /* FirebaseFunctionsCombine-Community */,
				F2815ECF2BD44DB2004BFE37 /* FirebaseInstallations */,
				F2815ED12BD44DB2004BFE37 /* FirebaseMLModelDownloader */,
				F2815ED52BD44DB2004BFE37 /* FirebasePerformance */,
				F2815ED72BD44DB2004BFE37 /* FirebaseRemoteConfig */,
				F2815ED92BD44DB2004BFE37 /* FirebaseRemoteConfigSwift */,
				F2815EDB2BD44DB2004BFE37 /* FirebaseStorage */,
				F2815EDD2BD44DB2004BFE37 /* FirebaseStorageCombine-Community */,
			);
			productName = EatWise;
			productReference = F2815E952BD44A84004BFE37 /* EatWise.app */;
			productType = "com.apple.product-type.application";
		};
/* End PBXNativeTarget section */

/* Begin PBXProject section */
		F2815E8D2BD44A84004BFE37 /* Project object */ = {
			isa = PBXProject;
			attributes = {
				BuildIndependentTargetsInParallel = 1;
				LastSwiftUpdateCheck = 1500;
				LastUpgradeCheck = 1500;
				TargetAttributes = {
					F2815E942BD44A84004BFE37 = {
						CreatedOnToolsVersion = 15.0.1;
					};
				};
			};
			buildConfigurationList = F2815E902BD44A84004BFE37 /* Build configuration list for PBXProject "EatWise" */;
			compatibilityVersion = "Xcode 14.0";
			developmentRegion = en;
			hasScannedForEncodings = 0;
			knownRegions = (
				en,
				Base,
			);
			mainGroup = F2815E8C2BD44A84004BFE37;
			packageReferences = (
				F2815EA82BD44DB2004BFE37 /* XCRemoteSwiftPackageReference "firebase-ios-sdk" */,
			);
			productRefGroup = F2815E962BD44A84004BFE37 /* Products */;
			projectDirPath = "";
			projectRoot = "";
			targets = (
				F2815E942BD44A84004BFE37 /* EatWise */,
			);
		};
/* End PBXProject section */

/* Begin PBXResourcesBuildPhase section */
		F2815E932BD44A84004BFE37 /* Resources */ = {
			isa = PBXResourcesBuildPhase;
			buildActionMask = 2147483647;
			files = (
				F2815EA02BD44A85004BFE37 /* Preview Assets.xcassets in Resources */,
				F2815E9D2BD44A85004BFE37 /* Assets.xcassets in Resources */,
				F2815EFB2BD533E0004BFE37 /* Nunito-ExtraBold.ttf in Resources */,
				F2815EE12BD45214004BFE37 /* Nunito-Regular.ttf in Resources */,
				F2815EFD2BD533F7004BFE37 /* Nunito-Bold.ttf in Resources */,
				F2815EA72BD44C5A004BFE37 /* GoogleService-Info.plist in Resources */,
			);
			runOnlyForDeploymentPostprocessing = 0;
		};
/* End PBXResourcesBuildPhase section */

/* Begin PBXSourcesBuildPhase section */
		F2815E912BD44A84004BFE37 /* Sources */ = {
			isa = PBXSourcesBuildPhase;
			buildActionMask = 2147483647;
			files = (
				F2815EF92BD5326D004BFE37 /* RadioButton.swift in Sources */,
				F2815EE82BD52BE7004BFE37 /* Title.swift in Sources */,
				F2815F042BD539C2004BFE37 /* MealCard.swift in Sources */,
				F2815EEC2BD52C6E004BFE37 /* button.swift in Sources */,
				F2815F022BD539BB004BFE37 /* NutritionCard.swift in Sources */,
				F265EEAC2BD7183A0015139C /* UserViewModel.swift in Sources */,
				F2815F062BD539CC004BFE37 /* NavBar.swift in Sources */,
				F2815F002BD539AC004BFE37 /* DailyPlanView.swift in Sources */,
				F265EEB02BD7E75B0015139C /* RootView.swift in Sources */,
				F21390032BDD111500A22A38 /* SuCalorie.swift in Sources */,
				F2815F192BD53E90004BFE37 /* GoalView.swift in Sources */,
				F21390012BDAE9E100A22A38 /* MealModel.swift in Sources */,
				F2815F0F2BD53E45004BFE37 /* WeightGraph.swift in Sources */,
				F2815EF72BD5321C004BFE37 /* SuAllergies.swift in Sources */,
				F2815F1B2BD53EAC004BFE37 /* PersonalInfoView.swift in Sources */,
				F2815EE62BD52B9E004BFE37 /* LoginView.swift in Sources */,
				F2815EEF2BD531EF004BFE37 /* SuPersonal.swift in Sources */,
				F2815EEA2BD52C0B004BFE37 /* textField.swift in Sources */,
				F2815F1E2BD54657004BFE37 /* WeightModel.swift in Sources */,
				F2815F112BD53E53004BFE37 /* ProfileView.swift in Sources */,
				F265EEA92BD716140015139C /* UserModel.swift in Sources */,
				F2815EF32BD53207004BFE37 /* SuDiet.swift in Sources */,
				F2815F172BD53E86004BFE37 /* DietView.swift in Sources */,
				F2815F0A2BD539E2004BFE37 /* NewPlan.swift in Sources */,
				F2815E992BD44A84004BFE37 /* EatWiseApp.swift in Sources */,
				F2815EF12BD531FC004BFE37 /* SuBmi.swift in Sources */,
				F2815F082BD539DA004BFE37 /* RecipeView.swift in Sources */,
				F2815F152BD53E79004BFE37 /* SaveButton.swift in Sources */,
				F2815F0C2BD539F2004BFE37 /* WeeklyPlanView.swift in Sources */,
				F2815F132BD53E60004BFE37 /* AllergyView.swift in Sources */,
				F2815EF52BD53212004BFE37 /* SuGoal.swift in Sources */,
			);
			runOnlyForDeploymentPostprocessing = 0;
		};
/* End PBXSourcesBuildPhase section */

/* Begin XCBuildConfiguration section */
		F2815EA12BD44A85004BFE37 /* Debug */ = {
			isa = XCBuildConfiguration;
			buildSettings = {
				ALWAYS_SEARCH_USER_PATHS = NO;
				ASSETCATALOG_COMPILER_GENERATE_SWIFT_ASSET_SYMBOL_EXTENSIONS = YES;
				CLANG_ANALYZER_NONNULL = YES;
				CLANG_ANALYZER_NUMBER_OBJECT_CONVERSION = YES_AGGRESSIVE;
				CLANG_CXX_LANGUAGE_STANDARD = "gnu++20";
				CLANG_ENABLE_MODULES = YES;
				CLANG_ENABLE_OBJC_ARC = YES;
				CLANG_ENABLE_OBJC_WEAK = YES;
				CLANG_WARN_BLOCK_CAPTURE_AUTORELEASING = YES;
				CLANG_WARN_BOOL_CONVERSION = YES;
				CLANG_WARN_COMMA = YES;
				CLANG_WARN_CONSTANT_CONVERSION = YES;
				CLANG_WARN_DEPRECATED_OBJC_IMPLEMENTATIONS = YES;
				CLANG_WARN_DIRECT_OBJC_ISA_USAGE = YES_ERROR;
				CLANG_WARN_DOCUMENTATION_COMMENTS = YES;
				CLANG_WARN_EMPTY_BODY = YES;
				CLANG_WARN_ENUM_CONVERSION = YES;
				CLANG_WARN_INFINITE_RECURSION = YES;
				CLANG_WARN_INT_CONVERSION = YES;
				CLANG_WARN_NON_LITERAL_NULL_CONVERSION = YES;
				CLANG_WARN_OBJC_IMPLICIT_RETAIN_SELF = YES;
				CLANG_WARN_OBJC_LITERAL_CONVERSION = YES;
				CLANG_WARN_OBJC_ROOT_CLASS = YES_ERROR;
				CLANG_WARN_QUOTED_INCLUDE_IN_FRAMEWORK_HEADER = YES;
				CLANG_WARN_RANGE_LOOP_ANALYSIS = YES;
				CLANG_WARN_STRICT_PROTOTYPES = YES;
				CLANG_WARN_SUSPICIOUS_MOVE = YES;
				CLANG_WARN_UNGUARDED_AVAILABILITY = YES_AGGRESSIVE;
				CLANG_WARN_UNREACHABLE_CODE = YES;
				CLANG_WARN__DUPLICATE_METHOD_MATCH = YES;
				COPY_PHASE_STRIP = NO;
				DEBUG_INFORMATION_FORMAT = dwarf;
				ENABLE_STRICT_OBJC_MSGSEND = YES;
				ENABLE_TESTABILITY = YES;
				ENABLE_USER_SCRIPT_SANDBOXING = YES;
				GCC_C_LANGUAGE_STANDARD = gnu17;
				GCC_DYNAMIC_NO_PIC = NO;
				GCC_NO_COMMON_BLOCKS = YES;
				GCC_OPTIMIZATION_LEVEL = 0;
				GCC_PREPROCESSOR_DEFINITIONS = (
					"DEBUG=1",
					"$(inherited)",
				);
				GCC_WARN_64_TO_32_BIT_CONVERSION = YES;
				GCC_WARN_ABOUT_RETURN_TYPE = YES_ERROR;
				GCC_WARN_UNDECLARED_SELECTOR = YES;
				GCC_WARN_UNINITIALIZED_AUTOS = YES_AGGRESSIVE;
				GCC_WARN_UNUSED_FUNCTION = YES;
				GCC_WARN_UNUSED_VARIABLE = YES;
				IPHONEOS_DEPLOYMENT_TARGET = 17.0;
				LOCALIZATION_PREFERS_STRING_CATALOGS = YES;
				MTL_ENABLE_DEBUG_INFO = INCLUDE_SOURCE;
				MTL_FAST_MATH = YES;
				ONLY_ACTIVE_ARCH = YES;
				SDKROOT = iphoneos;
				SWIFT_ACTIVE_COMPILATION_CONDITIONS = "DEBUG $(inherited)";
				SWIFT_OPTIMIZATION_LEVEL = "-Onone";
			};
			name = Debug;
		};
		F2815EA22BD44A85004BFE37 /* Release */ = {
			isa = XCBuildConfiguration;
			buildSettings = {
				ALWAYS_SEARCH_USER_PATHS = NO;
				ASSETCATALOG_COMPILER_GENERATE_SWIFT_ASSET_SYMBOL_EXTENSIONS = YES;
				CLANG_ANALYZER_NONNULL = YES;
				CLANG_ANALYZER_NUMBER_OBJECT_CONVERSION = YES_AGGRESSIVE;
				CLANG_CXX_LANGUAGE_STANDARD = "gnu++20";
				CLANG_ENABLE_MODULES = YES;
				CLANG_ENABLE_OBJC_ARC = YES;
				CLANG_ENABLE_OBJC_WEAK = YES;
				CLANG_WARN_BLOCK_CAPTURE_AUTORELEASING = YES;
				CLANG_WARN_BOOL_CONVERSION = YES;
				CLANG_WARN_COMMA = YES;
				CLANG_WARN_CONSTANT_CONVERSION = YES;
				CLANG_WARN_DEPRECATED_OBJC_IMPLEMENTATIONS = YES;
				CLANG_WARN_DIRECT_OBJC_ISA_USAGE = YES_ERROR;
				CLANG_WARN_DOCUMENTATION_COMMENTS = YES;
				CLANG_WARN_EMPTY_BODY = YES;
				CLANG_WARN_ENUM_CONVERSION = YES;
				CLANG_WARN_INFINITE_RECURSION = YES;
				CLANG_WARN_INT_CONVERSION = YES;
				CLANG_WARN_NON_LITERAL_NULL_CONVERSION = YES;
				CLANG_WARN_OBJC_IMPLICIT_RETAIN_SELF = YES;
				CLANG_WARN_OBJC_LITERAL_CONVERSION = YES;
				CLANG_WARN_OBJC_ROOT_CLASS = YES_ERROR;
				CLANG_WARN_QUOTED_INCLUDE_IN_FRAMEWORK_HEADER = YES;
				CLANG_WARN_RANGE_LOOP_ANALYSIS = YES;
				CLANG_WARN_STRICT_PROTOTYPES = YES;
				CLANG_WARN_SUSPICIOUS_MOVE = YES;
				CLANG_WARN_UNGUARDED_AVAILABILITY = YES_AGGRESSIVE;
				CLANG_WARN_UNREACHABLE_CODE = YES;
				CLANG_WARN__DUPLICATE_METHOD_MATCH = YES;
				COPY_PHASE_STRIP = NO;
				DEBUG_INFORMATION_FORMAT = "dwarf-with-dsym";
				ENABLE_NS_ASSERTIONS = NO;
				ENABLE_STRICT_OBJC_MSGSEND = YES;
				ENABLE_USER_SCRIPT_SANDBOXING = YES;
				GCC_C_LANGUAGE_STANDARD = gnu17;
				GCC_NO_COMMON_BLOCKS = YES;
				GCC_WARN_64_TO_32_BIT_CONVERSION = YES;
				GCC_WARN_ABOUT_RETURN_TYPE = YES_ERROR;
				GCC_WARN_UNDECLARED_SELECTOR = YES;
				GCC_WARN_UNINITIALIZED_AUTOS = YES_AGGRESSIVE;
				GCC_WARN_UNUSED_FUNCTION = YES;
				GCC_WARN_UNUSED_VARIABLE = YES;
				IPHONEOS_DEPLOYMENT_TARGET = 17.0;
				LOCALIZATION_PREFERS_STRING_CATALOGS = YES;
				MTL_ENABLE_DEBUG_INFO = NO;
				MTL_FAST_MATH = YES;
				SDKROOT = iphoneos;
				SWIFT_COMPILATION_MODE = wholemodule;
				VALIDATE_PRODUCT = YES;
			};
			name = Release;
		};
		F2815EA42BD44A85004BFE37 /* Debug */ = {
			isa = XCBuildConfiguration;
			buildSettings = {
				ASSETCATALOG_COMPILER_APPICON_NAME = AppIcon;
				ASSETCATALOG_COMPILER_GLOBAL_ACCENT_COLOR_NAME = AccentColor;
				CODE_SIGN_STYLE = Automatic;
				CURRENT_PROJECT_VERSION = 1;
				DEVELOPMENT_ASSET_PATHS = "\"EatWise/Preview Content\"";
				DEVELOPMENT_TEAM = R2K6T2XLV9;
				ENABLE_PREVIEWS = YES;
				GENERATE_INFOPLIST_FILE = YES;
				INFOPLIST_FILE = EatWise/Info.plist;
				INFOPLIST_KEY_UIApplicationSceneManifest_Generation = YES;
				INFOPLIST_KEY_UIApplicationSupportsIndirectInputEvents = YES;
				INFOPLIST_KEY_UILaunchScreen_Generation = YES;
				INFOPLIST_KEY_UISupportedInterfaceOrientations_iPad = "UIInterfaceOrientationPortrait UIInterfaceOrientationPortraitUpsideDown UIInterfaceOrientationLandscapeLeft UIInterfaceOrientationLandscapeRight";
				INFOPLIST_KEY_UISupportedInterfaceOrientations_iPhone = "UIInterfaceOrientationPortrait UIInterfaceOrientationLandscapeLeft UIInterfaceOrientationLandscapeRight";
				LD_RUNPATH_SEARCH_PATHS = (
					"$(inherited)",
					"@executable_path/Frameworks",
				);
				MARKETING_VERSION = 1.0;
				PRODUCT_BUNDLE_IDENTIFIER = thusalll.EatWise;
				PRODUCT_NAME = "$(TARGET_NAME)";
				SWIFT_EMIT_LOC_STRINGS = YES;
				SWIFT_VERSION = 5.0;
				TARGETED_DEVICE_FAMILY = "1,2";
			};
			name = Debug;
		};
		F2815EA52BD44A85004BFE37 /* Release */ = {
			isa = XCBuildConfiguration;
			buildSettings = {
				ASSETCATALOG_COMPILER_APPICON_NAME = AppIcon;
				ASSETCATALOG_COMPILER_GLOBAL_ACCENT_COLOR_NAME = AccentColor;
				CODE_SIGN_STYLE = Automatic;
				CURRENT_PROJECT_VERSION = 1;
				DEVELOPMENT_ASSET_PATHS = "\"EatWise/Preview Content\"";
				DEVELOPMENT_TEAM = R2K6T2XLV9;
				ENABLE_PREVIEWS = YES;
				GENERATE_INFOPLIST_FILE = YES;
				INFOPLIST_FILE = EatWise/Info.plist;
				INFOPLIST_KEY_UIApplicationSceneManifest_Generation = YES;
				INFOPLIST_KEY_UIApplicationSupportsIndirectInputEvents = YES;
				INFOPLIST_KEY_UILaunchScreen_Generation = YES;
				INFOPLIST_KEY_UISupportedInterfaceOrientations_iPad = "UIInterfaceOrientationPortrait UIInterfaceOrientationPortraitUpsideDown UIInterfaceOrientationLandscapeLeft UIInterfaceOrientationLandscapeRight";
				INFOPLIST_KEY_UISupportedInterfaceOrientations_iPhone = "UIInterfaceOrientationPortrait UIInterfaceOrientationLandscapeLeft UIInterfaceOrientationLandscapeRight";
				LD_RUNPATH_SEARCH_PATHS = (
					"$(inherited)",
					"@executable_path/Frameworks",
				);
				MARKETING_VERSION = 1.0;
				PRODUCT_BUNDLE_IDENTIFIER = thusalll.EatWise;
				PRODUCT_NAME = "$(TARGET_NAME)";
				SWIFT_EMIT_LOC_STRINGS = YES;
				SWIFT_VERSION = 5.0;
				TARGETED_DEVICE_FAMILY = "1,2";
			};
			name = Release;
		};
/* End XCBuildConfiguration section */

/* Begin XCConfigurationList section */
		F2815E902BD44A84004BFE37 /* Build configuration list for PBXProject "EatWise" */ = {
			isa = XCConfigurationList;
			buildConfigurations = (
				F2815EA12BD44A85004BFE37 /* Debug */,
				F2815EA22BD44A85004BFE37 /* Release */,
			);
			defaultConfigurationIsVisible = 0;
			defaultConfigurationName = Release;
		};
		F2815EA32BD44A85004BFE37 /* Build configuration list for PBXNativeTarget "EatWise" */ = {
			isa = XCConfigurationList;
			buildConfigurations = (
				F2815EA42BD44A85004BFE37 /* Debug */,
				F2815EA52BD44A85004BFE37 /* Release */,
			);
			defaultConfigurationIsVisible = 0;
			defaultConfigurationName = Release;
		};
/* End XCConfigurationList section */

/* Begin XCRemoteSwiftPackageReference section */
		F2815EA82BD44DB2004BFE37 /* XCRemoteSwiftPackageReference "firebase-ios-sdk" */ = {
			isa = XCRemoteSwiftPackageReference;
			repositoryURL = "https://github.com/firebase/firebase-ios-sdk.git";
			requirement = {
				kind = upToNextMajorVersion;
				minimumVersion = 10.24.0;
			};
		};
/* End XCRemoteSwiftPackageReference section */

/* Begin XCSwiftPackageProductDependency section */
		F2815EA92BD44DB2004BFE37 /* FirebaseAnalytics */ = {
			isa = XCSwiftPackageProductDependency;
			package = F2815EA82BD44DB2004BFE37 /* XCRemoteSwiftPackageReference "firebase-ios-sdk" */;
			productName = FirebaseAnalytics;
		};
		F2815EAB2BD44DB2004BFE37 /* FirebaseAnalyticsOnDeviceConversion */ = {
			isa = XCSwiftPackageProductDependency;
			package = F2815EA82BD44DB2004BFE37 /* XCRemoteSwiftPackageReference "firebase-ios-sdk" */;
			productName = FirebaseAnalyticsOnDeviceConversion;
		};
		F2815EAD2BD44DB2004BFE37 /* FirebaseAnalyticsSwift */ = {
			isa = XCSwiftPackageProductDependency;
			package = F2815EA82BD44DB2004BFE37 /* XCRemoteSwiftPackageReference "firebase-ios-sdk" */;
			productName = FirebaseAnalyticsSwift;
		};
		F2815EAF2BD44DB2004BFE37 /* FirebaseAnalyticsWithoutAdIdSupport */ = {
			isa = XCSwiftPackageProductDependency;
			package = F2815EA82BD44DB2004BFE37 /* XCRemoteSwiftPackageReference "firebase-ios-sdk" */;
			productName = FirebaseAnalyticsWithoutAdIdSupport;
		};
		F2815EB12BD44DB2004BFE37 /* FirebaseAppCheck */ = {
			isa = XCSwiftPackageProductDependency;
			package = F2815EA82BD44DB2004BFE37 /* XCRemoteSwiftPackageReference "firebase-ios-sdk" */;
			productName = FirebaseAppCheck;
		};
		F2815EB32BD44DB2004BFE37 /* FirebaseAppDistribution-Beta */ = {
			isa = XCSwiftPackageProductDependency;
			package = F2815EA82BD44DB2004BFE37 /* XCRemoteSwiftPackageReference "firebase-ios-sdk" */;
			productName = "FirebaseAppDistribution-Beta";
		};
		F2815EB52BD44DB2004BFE37 /* FirebaseAuth */ = {
			isa = XCSwiftPackageProductDependency;
			package = F2815EA82BD44DB2004BFE37 /* XCRemoteSwiftPackageReference "firebase-ios-sdk" */;
			productName = FirebaseAuth;
		};
		F2815EB72BD44DB2004BFE37 /* FirebaseAuthCombine-Community */ = {
			isa = XCSwiftPackageProductDependency;
			package = F2815EA82BD44DB2004BFE37 /* XCRemoteSwiftPackageReference "firebase-ios-sdk" */;
			productName = "FirebaseAuthCombine-Community";
		};
		F2815EB92BD44DB2004BFE37 /* FirebaseCrashlytics */ = {
			isa = XCSwiftPackageProductDependency;
			package = F2815EA82BD44DB2004BFE37 /* XCRemoteSwiftPackageReference "firebase-ios-sdk" */;
			productName = FirebaseCrashlytics;
		};
		F2815EBB2BD44DB2004BFE37 /* FirebaseDatabase */ = {
			isa = XCSwiftPackageProductDependency;
			package = F2815EA82BD44DB2004BFE37 /* XCRemoteSwiftPackageReference "firebase-ios-sdk" */;
			productName = FirebaseDatabase;
		};
		F2815EBD2BD44DB2004BFE37 /* FirebaseDatabaseSwift */ = {
			isa = XCSwiftPackageProductDependency;
			package = F2815EA82BD44DB2004BFE37 /* XCRemoteSwiftPackageReference "firebase-ios-sdk" */;
			productName = FirebaseDatabaseSwift;
		};
		F2815EBF2BD44DB2004BFE37 /* FirebaseDynamicLinks */ = {
			isa = XCSwiftPackageProductDependency;
			package = F2815EA82BD44DB2004BFE37 /* XCRemoteSwiftPackageReference "firebase-ios-sdk" */;
			productName = FirebaseDynamicLinks;
		};
		F2815EC12BD44DB2004BFE37 /* FirebaseFirestore */ = {
			isa = XCSwiftPackageProductDependency;
			package = F2815EA82BD44DB2004BFE37 /* XCRemoteSwiftPackageReference "firebase-ios-sdk" */;
			productName = FirebaseFirestore;
		};
		F2815EC32BD44DB2004BFE37 /* FirebaseFirestoreCombine-Community */ = {
			isa = XCSwiftPackageProductDependency;
			package = F2815EA82BD44DB2004BFE37 /* XCRemoteSwiftPackageReference "firebase-ios-sdk" */;
			productName = "FirebaseFirestoreCombine-Community";
		};
		F2815EC52BD44DB2004BFE37 /* FirebaseFirestoreSwift */ = {
			isa = XCSwiftPackageProductDependency;
			package = F2815EA82BD44DB2004BFE37 /* XCRemoteSwiftPackageReference "firebase-ios-sdk" */;
			productName = FirebaseFirestoreSwift;
		};
		F2815EC72BD44DB2004BFE37 /* FirebaseFunctions */ = {
			isa = XCSwiftPackageProductDependency;
			package = F2815EA82BD44DB2004BFE37 /* XCRemoteSwiftPackageReference "firebase-ios-sdk" */;
			productName = FirebaseFunctions;
		};
		F2815EC92BD44DB2004BFE37 /* FirebaseFunctionsCombine-Community */ = {
			isa = XCSwiftPackageProductDependency;
			package = F2815EA82BD44DB2004BFE37 /* XCRemoteSwiftPackageReference "firebase-ios-sdk" */;
			productName = "FirebaseFunctionsCombine-Community";
		};
		F2815ECF2BD44DB2004BFE37 /* FirebaseInstallations */ = {
			isa = XCSwiftPackageProductDependency;
			package = F2815EA82BD44DB2004BFE37 /* XCRemoteSwiftPackageReference "firebase-ios-sdk" */;
			productName = FirebaseInstallations;
		};
		F2815ED12BD44DB2004BFE37 /* FirebaseMLModelDownloader */ = {
			isa = XCSwiftPackageProductDependency;
			package = F2815EA82BD44DB2004BFE37 /* XCRemoteSwiftPackageReference "firebase-ios-sdk" */;
			productName = FirebaseMLModelDownloader;
		};
		F2815ED52BD44DB2004BFE37 /* FirebasePerformance */ = {
			isa = XCSwiftPackageProductDependency;
			package = F2815EA82BD44DB2004BFE37 /* XCRemoteSwiftPackageReference "firebase-ios-sdk" */;
			productName = FirebasePerformance;
		};
		F2815ED72BD44DB2004BFE37 /* FirebaseRemoteConfig */ = {
			isa = XCSwiftPackageProductDependency;
			package = F2815EA82BD44DB2004BFE37 /* XCRemoteSwiftPackageReference "firebase-ios-sdk" */;
			productName = FirebaseRemoteConfig;
		};
		F2815ED92BD44DB2004BFE37 /* FirebaseRemoteConfigSwift */ = {
			isa = XCSwiftPackageProductDependency;
			package = F2815EA82BD44DB2004BFE37 /* XCRemoteSwiftPackageReference "firebase-ios-sdk" */;
			productName = FirebaseRemoteConfigSwift;
		};
		F2815EDB2BD44DB2004BFE37 /* FirebaseStorage */ = {
			isa = XCSwiftPackageProductDependency;
			package = F2815EA82BD44DB2004BFE37 /* XCRemoteSwiftPackageReference "firebase-ios-sdk" */;
			productName = FirebaseStorage;
		};
		F2815EDD2BD44DB2004BFE37 /* FirebaseStorageCombine-Community */ = {
			isa = XCSwiftPackageProductDependency;
			package = F2815EA82BD44DB2004BFE37 /* XCRemoteSwiftPackageReference "firebase-ios-sdk" */;
			productName = "FirebaseStorageCombine-Community";
		};
/* End XCSwiftPackageProductDependency section */
	};
	rootObject = F2815E8D2BD44A84004BFE37 /* Project object */;
}
